{
  "meteor": {},
  "dependencies": {
    "basePackages": {
      "bootstrap-3": {},
      "iron-router": {},
      "jquery-rateit": {},
      "bootstrap-datepicker2": {},
      "moment": {},
      "font-awesome-4": {}
    },
    "packages": {
      "bootstrap-3": {
        "git": "https://github.com/mangasocial/meteor-bootstrap-3.git",
        "tag": "v0.3.6",
        "commit": "711dbcabe333c8714298b2fd1de97fdcdae6efa7"
      },
      "iron-router": {
        "git": "https://github.com/EventedMind/iron-router.git",
        "tag": "v0.6.1",
        "commit": "4e1ee0581d68bff422a915dacb0bd30eae10fe08"
      },
      "jquery-rateit": {
        "git": "https://github.com/dandv/meteor-jquery-rateit.git",
        "tag": "v1.0.9",
        "commit": "194607727589055e84cd4dfbb311d5a1bdadc6fe"
      },
      "bootstrap-datepicker2": {
        "git": "https://github.com/deepwell/meteor-bootstrap-datepicker.git",
        "tag": "v1.2.0",
        "commit": "b7de18a7cc651ea665cda75048663f90d1a11d10"
      },
      "moment": {
        "git": "https://github.com/acreeger/meteor-moment.git",
        "tag": "v2.2.1",
        "commit": "9ee12e714afe56b189f53076447b7b54f3012065"
      },
      "font-awesome-4": {
        "git": "https://github.com/michaelbishop/meteor-font-awesome-4.git",
        "tag": "v4.0.0",
        "commit": "c28b5a0f2a2bd233c495642b40a167eda95172f5"
      }
    }
  }
}
